// !$*UTF8*$!
{
	archiveVersion = 1;
	classes = {
	};
	objectVersion = 50;
	objects = {

/* Begin PBXBuildFile section */
		30BA4905253E933000E13248 /* AppDelegate.swift in Sources */ = {isa = PBXBuildFile; fileRef = 30BA4904253E933000E13248 /* AppDelegate.swift */; };
		30BA4907253E933000E13248 /* SceneDelegate.swift in Sources */ = {isa = PBXBuildFile; fileRef = 30BA4906253E933000E13248 /* SceneDelegate.swift */; };
		30BA4909253E933000E13248 /* ViewController.swift in Sources */ = {isa = PBXBuildFile; fileRef = 30BA4908253E933000E13248 /* ViewController.swift */; };
		30BA490C253E933100E13248 /* Main.storyboard in Resources */ = {isa = PBXBuildFile; fileRef = 30BA490A253E933100E13248 /* Main.storyboard */; };
		30BA490E253E933700E13248 /* Assets.xcassets in Resources */ = {isa = PBXBuildFile; fileRef = 30BA490D253E933700E13248 /* Assets.xcassets */; };
		30BA4911253E933700E13248 /* LaunchScreen.storyboard in Resources */ = {isa = PBXBuildFile; fileRef = 30BA490F253E933700E13248 /* LaunchScreen.storyboard */; };
		30BA491A253E935800E13248 /* MapKit.framework in Frameworks */ = {isa = PBXBuildFile; fileRef = 30BA4919253E935800E13248 /* MapKit.framework */; };
/* End PBXBuildFile section */

/* Begin PBXFileReference section */
		30BA4901253E933000E13248 /* Lab2.4.app */ = {isa = PBXFileReference; explicitFileType = wrapper.application; includeInIndex = 0; path = Lab2.4.app; sourceTree = BUILT_PRODUCTS_DIR; };
		30BA4904253E933000E13248 /* AppDelegate.swift */ = {isa = PBXFileReference; lastKnownFileType = sourcecode.swift; path = AppDelegate.swift; sourceTree = "<group>"; };
		30BA4906253E933000E13248 /* SceneDelegate.swift */ = {isa = PBXFileReference; lastKnownFileType = sourcecode.swift; path = SceneDelegate.swift; sourceTree = "<group>"; };
		30BA4908253E933000E13248 /* ViewController.swift */ = {isa = PBXFileReference; lastKnownFileType = sourcecode.swift; path = ViewController.swift; sourceTree = "<group>"; };
		30BA490B253E933100E13248 /* Base */ = {isa = PBXFileReference; lastKnownFileType = file.storyboard; name = Base; path = Base.lproj/Main.storyboard; sourceTree = "<group>"; };
		30BA490D253E933700E13248 /* Assets.xcassets */ = {isa = PBXFileReference; lastKnownFileType = folder.assetcatalog; path = Assets.xcassets; sourceTree = "<group>"; };
		30BA4910253E933700E13248 /* Base */ = {isa = PBXFileReference; lastKnownFileType = file.storyboard; name = Base; path = Base.lproj/LaunchScreen.storyboard; sourceTree = "<group>"; };
		30BA4912253E933700E13248 /* Info.plist */ = {isa = PBXFileReference; lastKnownFileType = text.plist.xml; path = Info.plist; sourceTree = "<group>"; };
		30BA4919253E935800E13248 /* MapKit.framework */ = {isa = PBXFileReference; lastKnownFileType = wrapper.framework; name = MapKit.framework; path = System/Library/Frameworks/MapKit.framework; sourceTree = SDKROOT; };
/* End PBXFileReference section */

/* Begin PBXFrameworksBuildPhase section */
		30BA48FE253E933000E13248 /* Frameworks */ = {
			isa = PBXFrameworksBuildPhase;
			buildActionMask = 2147483647;
			files = (
				30BA491A253E935800E13248 /* MapKit.framework in Frameworks */,
			);
			runOnlyForDeploymentPostprocessing = 0;
		};
/* End PBXFrameworksBuildPhase section */

/* Begin PBXGroup section */
		30BA48F8253E933000E13248 = {
			isa = PBXGroup;
			children = (
				30BA4903253E933000E13248 /* Lab2.4 */,
				30BA4902253E933000E13248 /* Products */,
				30BA4918253E935800E13248 /* Frameworks */,
			);
			sourceTree = "<group>";
		};
		30BA4902253E933000E13248 /* Products */ = {
			isa = PBXGroup;
			children = (
				30BA4901253E933000E13248 /* Lab2.4.app */,
			);
			name = Products;
			sourceTree = "<group>";
		};
		30BA4903253E933000E13248 /* Lab2.4 */ = {
			isa = PBXGroup;
			children = (
				30BA4904253E933000E13248 /* AppDelegate.swift */,
				30BA4906253E933000E13248 /* SceneDelegate.swift */,
				30BA4908253E933000E13248 /* ViewController.swift */,
				30BA490A253E933100E13248 /* Main.storyboard */,
				30BA490D253E933700E13248 /* Assets.xcassets */,
				30BA490F253E933700E13248 /* LaunchScreen.storyboard */,
				30BA4912253E933700E13248 /* Info.plist */,
			);
			path = Lab2.4;
			sourceTree = "<group>";
		};
		30BA4918253E935800E13248 /* Frameworks */ = {
			isa = PBXGroup;
			children = (
				30BA4919253E935800E13248 /* MapKit.framework */,
			);
			name = Frameworks;
			sourceTree = "<group>";
		};
/* End PBXGroup section */

/* Begin PBXNativeTarget section */
		30BA4900253E933000E13248 /* Lab2.4 */ = {
			isa = PBXNativeTarget;
			buildConfigurationList = 30BA4915253E933700E13248 /* Build configuration list for PBXNativeTarget "Lab2.4" */;
			buildPhases = (
				30BA48FD253E933000E13248 /* Sources */,
				30BA48FE253E933000E13248 /* Frameworks */,
				30BA48FF253E933000E13248 /* Resources */,
			);
			buildRules = (
			);
			dependencies = (
			);
			name = Lab2.4;
			productName = Lab2.4;
			productReference = 30BA4901253E933000E13248 /* Lab2.4.app */;
			productType = "com.apple.product-type.application";
		};
/* End PBXNativeTarget section */

/* Begin PBXProject section */
		30BA48F9253E933000E13248 /* Project object */ = {
			isa = PBXProject;
			attributes = {
				LastSwiftUpdateCheck = 1110;
				LastUpgradeCheck = 1110;
				ORGANIZATIONNAME = ITE;
				TargetAttributes = {
					30BA4900253E933000E13248 = {
						CreatedOnToolsVersion = 11.1;
					};
				};
			};
			buildConfigurationList = 30BA48FC253E933000E13248 /* Build configuration list for PBXProject "Lab2.4" */;
			compatibilityVersion = "Xcode 9.3";
			developmentRegion = en;
			hasScannedForEncodings = 0;
			knownRegions = (
				en,
				Base,
			);
			mainGroup = 30BA48F8253E933000E13248;
			productRefGroup = 30BA4902253E933000E13248 /* Products */;
			projectDirPath = "";
			projectRoot = "";
			targets = (
				30BA4900253E933000E13248 /* Lab2.4 */,
			);
		};
/* End PBXProject section */

/* Begin PBXResourcesBuildPhase section */
		30BA48FF253E933000E13248 /* Resources */ = {
			isa = PBXResourcesBuildPhase;
			buildActionMask = 2147483647;
			files = (
				30BA4911253E933700E13248 /* LaunchScreen.storyboard in Resources */,
				30BA490E253E933700E13248 /* Assets.xcassets in Resources */,
				30BA490C253E933100E13248 /* Main.storyboard in Resources */,
			);
			runOnlyForDeploymentPostprocessing = 0;
		};
/* End PBXResourcesBuildPhase section */

/* Begin PBXSourcesBuildPhase section */
		30BA48FD253E933000E13248 /* Sources */ = {
			isa = PBXSourcesBuildPhase;
			buildActionMask = 2147483647;
			files = (
				30BA4909253E933000E13248 /* ViewController.swift in Sources */,
				30BA4905253E933000E13248 /* AppDelegate.swift in Sources */,
				30BA4907253E933000E13248 /* SceneDelegate.swift in Sources */,
			);
			runOnlyForDeploymentPostprocessing = 0;
		};
/* End PBXSourcesBuildPhase section */

/* Begin PBXVariantGroup section */
		30BA490A253E933100E13248 /* Main.storyboard */ = {
			isa = PBXVariantGroup;
			children = (
				30BA490B253E933100E13248 /* Base */,
			);
			name = Main.storyboard;
			sourceTree = "<group>";
		};
		30BA490F253E933700E13248 /* LaunchScreen.storyboard */ = {
			isa = PBXVariantGroup;
			children = (
				30BA4910253E933700E13248 /* Base */,
			);
			name = LaunchScreen.storyboard;
			sourceTree = "<group>";
		};
/* End PBXVariantGroup section */

/* Begin XCBuildConfiguration section */
		30BA4913253E933700E13248 /* Debug */ = {
			isa = XCBuildConfiguration;
			buildSettings = {
				ALWAYS_SEARCH_USER_PATHS = NO;
				CLANG_ANALYZER_NONNULL = YES;
				CLANG_ANALYZER_NUMBER_OBJECT_CONVERSION = YES_AGGRESSIVE;
				CLANG_CXX_LANGUAGE_STANDARD = "gnu++14";
				CLANG_CXX_LIBRARY = "libc++";
				CLANG_ENABLE_MODULES = YES;
				CLANG_ENABLE_OBJC_ARC = YES;
				CLANG_ENABLE_OBJC_WEAK = YES;
				CLANG_WARN_BLOCK_CAPTURE_AUTORELEASING = YES;
				CLANG_WARN_BOOL_CONVERSION = YES;
				CLANG_WARN_COMMA = YES;
				CLANG_WARN_CONSTANT_CONVERSION = YES;
				CLANG_WARN_DEPRECATED_OBJC_IMPLEMENTATIONS = YES;
				CLANG_WARN_DIRECT_OBJC_ISA_USAGE = YES_ERROR;
				CLANG_WARN_DOCUMENTATION_COMMENTS = YES;
				CLANG_WARN_EMPTY_BODY = YES;
				CLANG_WARN_ENUM_CONVERSION = YES;
				CLANG_WARN_INFINITE_RECURSION = YES;
				CLANG_WARN_INT_CONVERSION = YES;
				CLANG_WARN_NON_LITERAL_NULL_CONVERSION = YES;
				CLANG_WARN_OBJC_IMPLICIT_RETAIN_SELF = YES;
				CLANG_WARN_OBJC_LITERAL_CONVERSION = YES;
				CLANG_WARN_OBJC_ROOT_CLASS = YES_ERROR;
				CLANG_WARN_RANGE_LOOP_ANALYSIS = YES;
				CLANG_WARN_STRICT_PROTOTYPES = YES;
				CLANG_WARN_SUSPICIOUS_MOVE = YES;
				CLANG_WARN_UNGUARDED_AVAILABILITY = YES_AGGRESSIVE;
				CLANG_WARN_UNREACHABLE_CODE = YES;
				CLANG_WARN__DUPLICATE_METHOD_MATCH = YES;
				COPY_PHASE_STRIP = NO;
				DEBUG_INFORMATION_FORMAT = dwarf;
				ENABLE_STRICT_OBJC_MSGSEND = YES;
				ENABLE_TESTABILITY = YES;
				GCC_C_LANGUAGE_STANDARD = gnu11;
				GCC_DYNAMIC_NO_PIC = NO;
				GCC_NO_COMMON_BLOCKS = YES;
				GCC_OPTIMIZATION_LEVEL = 0;
				GCC_PREPROCESSOR_DEFINITIONS = (
					"DEBUG=1",
					"$(inherited)",
				);
				GCC_WARN_64_TO_32_BIT_CONVERSION = YES;
				GCC_WARN_ABOUT_RETURN_TYPE = YES_ERROR;
				GCC_WARN_UNDECLARED_SELECTOR = YES;
				GCC_WARN_UNINITIALIZED_AUTOS = YES_AGGRESSIVE;
				GCC_WARN_UNUSED_FUNCTION = YES;
				GCC_WARN_UNUSED_VARIABLE = YES;
				IPHONEOS_DEPLOYMENT_TARGET = 13.1;
				MTL_ENABLE_DEBUG_INFO = INCLUDE_SOURCE;
				MTL_FAST_MATH = YES;
				ONLY_ACTIVE_ARCH = YES;
				SDKROOT = iphoneos;
				SWIFT_ACTIVE_COMPILATION_CONDITIONS = DEBUG;
				SWIFT_OPTIMIZATION_LEVEL = "-Onone";
			};
			name = Debug;
		};
		30BA4914253E933700E13248 /* Release */ = {
			isa = XCBuildConfiguration;
			buildSettings = {
				ALWAYS_SEARCH_USER_PATHS = NO;
				CLANG_ANALYZER_NONNULL = YES;
				CLANG_ANALYZER_NUMBER_OBJECT_CONVERSION = YES_AGGRESSIVE;
				CLANG_CXX_LANGUAGE_STANDARD = "gnu++14";
				CLANG_CXX_LIBRARY = "libc++";
				CLANG_ENABLE_MODULES = YES;
				CLANG_ENABLE_OBJC_ARC = YES;
				CLANG_ENABLE_OBJC_WEAK = YES;
				CLANG_WARN_BLOCK_CAPTURE_AUTORELEASING = YES;
				CLANG_WARN_BOOL_CONVERSION = YES;
				CLANG_WARN_COMMA = YES;
				CLANG_WARN_CONSTANT_CONVERSION = YES;
				CLANG_WARN_DEPRECATED_OBJC_IMPLEMENTATIONS = YES;
				CLANG_WARN_DIRECT_OBJC_ISA_USAGE = YES_ERROR;
				CLANG_WARN_DOCUMENTATION_COMMENTS = YES;
				CLANG_WARN_EMPTY_BODY = YES;
				CLANG_WARN_ENUM_CONVERSION = YES;
				CLANG_WARN_INFINITE_RECURSION = YES;
				CLANG_WARN_INT_CONVERSION = YES;
				CLANG_WARN_NON_LITERAL_NULL_CONVERSION = YES;
				CLANG_WARN_OBJC_IMPLICIT_RETAIN_SELF = YES;
				CLANG_WARN_OBJC_LITERAL_CONVERSION = YES;
				CLANG_WARN_OBJC_ROOT_CLASS = YES_ERROR;
				CLANG_WARN_RANGE_LOOP_ANALYSIS = YES;
				CLANG_WARN_STRICT_PROTOTYPES = YES;
				CLANG_WARN_SUSPICIOUS_MOVE = YES;
				CLANG_WARN_UNGUARDED_AVAILABILITY = YES_AGGRESSIVE;
				CLANG_WARN_UNREACHABLE_CODE = YES;
				CLANG_WARN__DUPLICATE_METHOD_MATCH = YES;
				COPY_PHASE_STRIP = NO;
				DEBUG_INFORMATION_FORMAT = "dwarf-with-dsym";
				ENABLE_NS_ASSERTIONS = NO;
				ENABLE_STRICT_OBJC_MSGSEND = YES;
				GCC_C_LANGUAGE_STANDARD = gnu11;
				GCC_NO_COMMON_BLOCKS = YES;
				GCC_WARN_64_TO_32_BIT_CONVERSION = YES;
				GCC_WARN_ABOUT_RETURN_TYPE = YES_ERROR;
				GCC_WARN_UNDECLARED_SELECTOR = YES;
				GCC_WARN_UNINITIALIZED_AUTOS = YES_AGGRESSIVE;
				GCC_WARN_UNUSED_FUNCTION = YES;
				GCC_WARN_UNUSED_VARIABLE = YES;
				IPHONEOS_DEPLOYMENT_TARGET = 13.1;
				MTL_ENABLE_DEBUG_INFO = NO;
				MTL_FAST_MATH = YES;
				SDKROOT = iphoneos;
				SWIFT_COMPILATION_MODE = wholemodule;
				SWIFT_OPTIMIZATION_LEVEL = "-O";
				VALIDATE_PRODUCT = YES;
			};
			name = Release;
		};
		30BA4916253E933700E13248 /* Debug */ = {
			isa = XCBuildConfiguration;
			buildSettings = {
				ASSETCATALOG_COMPILER_APPICON_NAME = AppIcon;
				CODE_SIGN_STYLE = Automatic;
				INFOPLIST_FILE = Lab2.4/Info.plist;
				LD_RUNPATH_SEARCH_PATHS = (
					"$(inherited)",
					"@executable_path/Frameworks",
				);
				PRODUCT_BUNDLE_IDENTIFIER = "ITE.Lab2-4";
				PRODUCT_NAME = "$(TARGET_NAME)";
				SWIFT_VERSION = 5.0;
				TARGETED_DEVICE_FAMILY = "1,2";
			};
			name = Debug;
		};
		30BA4917253E933700E13248 /* Release */ = {
			isa = XCBuildConfiguration;
			buildSettings = {
				ASSETCATALOG_COMPILER_APPICON_NAME = AppIcon;
				CODE_SIGN_STYLE = Automatic;
				INFOPLIST_FILE = Lab2.4/Info.plist;
				LD_RUNPATH_SEARCH_PATHS = (
					"$(inherited)",
					"@executable_path/Frameworks",
				);
				PRODUCT_BUNDLE_IDENTIFIER = "ITE.Lab2-4";
				PRODUCT_NAME = "$(TARGET_NAME)";
				SWIFT_VERSION = 5.0;
				TARGETED_DEVICE_FAMILY = "1,2";
			};
			name = Release;
		};
/* End XCBuildConfiguration section */

/* Begin XCConfigurationList section */
		30BA48FC253E933000E13248 /* Build configuration list for PBXProject "Lab2.4" */ = {
			isa = XCConfigurationList;
			buildConfigurations = (
				30BA4913253E933700E13248 /* Debug */,
				30BA4914253E933700E13248 /* Release */,
			);
			defaultConfigurationIsVisible = 0;
			defaultConfigurationName = Release;
		};
		30BA4915253E933700E13248 /* Build configuration list for PBXNativeTarget "Lab2.4" */ = {
			isa = XCConfigurationList;
			buildConfigurations = (
				30BA4916253E933700E13248 /* Debug */,
				30BA4917253E933700E13248 /* Release */,
			);
			defaultConfigurationIsVisible = 0;
			defaultConfigurationName = Release;
		};
/* End XCConfigurationList section */
	};
	rootObject = 30BA48F9253E933000E13248 /* Project object */;
}
